# Gate 0 recovered-prototype environment.
# Every direct and transitive dependency is pinned so the frozen safety net does
# not silently change when package indexes publish newer releases.
blinker==1.9.0
click==8.4.2
colorama==0.4.6
flask==3.1.3
iniconfig==2.3.0
itsdangerous==2.2.0
jinja2==3.1.6
lxml==6.1.1
markupsafe==3.0.3
packaging==26.2
pillow==12.3.0
pluggy==1.6.0
pygments==2.20.0
pypdf==6.14.2
pytest==9.1.1
python-docx==1.2.0
typing-extensions==4.16.0
werkzeug==3.1.8
